
Microsoft Visual Studio Solution File, Format Version 12.00
# Visual Studio Version 17
VisualStudioVersion = 17.14.36414.22 d17.14
MinimumVisualStudioVersion = 10.0.40219.1
Project("{FAE04EC0-301F-11D3-BF4B-00C04F79EFBC}") = "TODOList", "TODOList.csproj", "{9C52B22C-E592-494E-BBB1-F5B343655E30}"
EndProject
Global
	GlobalSection(SolutionConfigurationPlatforms) = preSolution
		Debug|Any CPU = Debug|Any CPU
		Release|Any CPU = Release|Any CPU
	EndGlobalSection
	GlobalSection(ProjectConfigurationPlatforms) = postSolution
		{9C52B22C-E592-494E-BBB1-F5B343655E30}.Debug|Any CPU.ActiveCfg = Debug|Any CPU
		{9C52B22C-E592-494E-BBB1-F5B343655E30}.Debug|Any CPU.Build.0 = Debug|Any CPU
		{9C52B22C-E592-494E-BBB1-F5B343655E30}.Release|Any CPU.ActiveCfg = Release|Any CPU
		{9C52B22C-E592-494E-BBB1-F5B343655E30}.Release|Any CPU.Build.0 = Release|Any CPU
	EndGlobalSection
	GlobalSection(SolutionProperties) = preSolution
		HideSolutionNode = FALSE
	EndGlobalSection
	GlobalSection(ExtensibilityGlobals) = postSolution
		SolutionGuid = {DC9693C7-F933-48DB-94F7-177B30C4B48B}
	EndGlobalSection
EndGlobal
